
Microsoft Visual Studio Solution File, Format Version 12.00
# Visual Studio 2012
Project("{FAE04EC0-301F-11D3-BF4B-00C04F79EFBC}") = "Maer.Model", "Maer.Model\Maer.Model.csproj", "{F63079C6-A7A6-4B36-B0D0-BBA718E57ABF}"
EndProject
Project("{2150E333-8FDC-42A3-9474-1A3956D46DE8}") = "Core", "Core", "{8A45F525-2175-4643-9CD7-013FE6D99745}"
EndProject
Project("{2150E333-8FDC-42A3-9474-1A3956D46DE8}") = "Business", "Business", "{2D5174C7-C390-45A2-9DC5-86B19833CA43}"
EndProject
Project("{FAE04EC0-301F-11D3-BF4B-00C04F79EFBC}") = "Maer.Configuration", "Maer.Configuration\Maer.Configuration.csproj", "{7A5CFBE7-F224-45A5-96EC-4BCBABC2EC2D}"
EndProject
Project("{FAE04EC0-301F-11D3-BF4B-00C04F79EFBC}") = "Maer.Infrastructure", "Maer.Infrastructure\Maer.Infrastructure.csproj", "{6D4CD843-57F3-4BDF-B7D0-9B7EBC0599D9}"
EndProject
Project("{2150E333-8FDC-42A3-9474-1A3956D46DE8}") = "UI", "UI", "{44BA830A-B958-4177-9677-72635547BCEA}"
EndProject
Project("{FAE04EC0-301F-11D3-BF4B-00C04F79EFBC}") = "Maer.UI.Web.MVC", "Maer.UI.Web.MVC\Maer.UI.Web.MVC.csproj", "{E5DF2AD4-C8CA-4BEA-9148-67F6BF8954FF}"
EndProject
Project("{FAE04EC0-301F-11D3-BF4B-00C04F79EFBC}") = "Maer.Service", "Maer.Service\Maer.Service.csproj", "{ED1F9E0A-1329-4360-9B20-59186AD15497}"
EndProject
Project("{2150E333-8FDC-42A3-9474-1A3956D46DE8}") = "DataAccess", "DataAccess", "{C2F49084-D59A-4478-A490-04FA4B2DE569}"
EndProject
Project("{FAE04EC0-301F-11D3-BF4B-00C04F79EFBC}") = "Maer.Repository.EF", "Maer.Repository.EF\Maer.Repository.EF.csproj", "{919816E7-79F9-4B0F-8811-017BE5F1BE3A}"
EndProject
Global
	GlobalSection(SolutionConfigurationPlatforms) = preSolution
		Debug|Any CPU = Debug|Any CPU
		Release|Any CPU = Release|Any CPU
	EndGlobalSection
	GlobalSection(ProjectConfigurationPlatforms) = postSolution
		{F63079C6-A7A6-4B36-B0D0-BBA718E57ABF}.Debug|Any CPU.ActiveCfg = Debug|Any CPU
		{F63079C6-A7A6-4B36-B0D0-BBA718E57ABF}.Debug|Any CPU.Build.0 = Debug|Any CPU
		{F63079C6-A7A6-4B36-B0D0-BBA718E57ABF}.Release|Any CPU.ActiveCfg = Release|Any CPU
		{F63079C6-A7A6-4B36-B0D0-BBA718E57ABF}.Release|Any CPU.Build.0 = Release|Any CPU
		{7A5CFBE7-F224-45A5-96EC-4BCBABC2EC2D}.Debug|Any CPU.ActiveCfg = Debug|Any CPU
		{7A5CFBE7-F224-45A5-96EC-4BCBABC2EC2D}.Debug|Any CPU.Build.0 = Debug|Any CPU
		{7A5CFBE7-F224-45A5-96EC-4BCBABC2EC2D}.Release|Any CPU.ActiveCfg = Release|Any CPU
		{7A5CFBE7-F224-45A5-96EC-4BCBABC2EC2D}.Release|Any CPU.Build.0 = Release|Any CPU
		{6D4CD843-57F3-4BDF-B7D0-9B7EBC0599D9}.Debug|Any CPU.ActiveCfg = Debug|Any CPU
		{6D4CD843-57F3-4BDF-B7D0-9B7EBC0599D9}.Debug|Any CPU.Build.0 = Debug|Any CPU
		{6D4CD843-57F3-4BDF-B7D0-9B7EBC0599D9}.Release|Any CPU.ActiveCfg = Release|Any CPU
		{6D4CD843-57F3-4BDF-B7D0-9B7EBC0599D9}.Release|Any CPU.Build.0 = Release|Any CPU
		{E5DF2AD4-C8CA-4BEA-9148-67F6BF8954FF}.Debug|Any CPU.ActiveCfg = Debug|Any CPU
		{E5DF2AD4-C8CA-4BEA-9148-67F6BF8954FF}.Debug|Any CPU.Build.0 = Debug|Any CPU
		{E5DF2AD4-C8CA-4BEA-9148-67F6BF8954FF}.Release|Any CPU.ActiveCfg = Release|Any CPU
		{E5DF2AD4-C8CA-4BEA-9148-67F6BF8954FF}.Release|Any CPU.Build.0 = Release|Any CPU
		{ED1F9E0A-1329-4360-9B20-59186AD15497}.Debug|Any CPU.ActiveCfg = Debug|Any CPU
		{ED1F9E0A-1329-4360-9B20-59186AD15497}.Debug|Any CPU.Build.0 = Debug|Any CPU
		{ED1F9E0A-1329-4360-9B20-59186AD15497}.Release|Any CPU.ActiveCfg = Release|Any CPU
		{ED1F9E0A-1329-4360-9B20-59186AD15497}.Release|Any CPU.Build.0 = Release|Any CPU
		{919816E7-79F9-4B0F-8811-017BE5F1BE3A}.Debug|Any CPU.ActiveCfg = Debug|Any CPU
		{919816E7-79F9-4B0F-8811-017BE5F1BE3A}.Debug|Any CPU.Build.0 = Debug|Any CPU
		{919816E7-79F9-4B0F-8811-017BE5F1BE3A}.Release|Any CPU.ActiveCfg = Release|Any CPU
		{919816E7-79F9-4B0F-8811-017BE5F1BE3A}.Release|Any CPU.Build.0 = Release|Any CPU
	EndGlobalSection
	GlobalSection(SolutionProperties) = preSolution
		HideSolutionNode = FALSE
	EndGlobalSection
	GlobalSection(NestedProjects) = preSolution
		{F63079C6-A7A6-4B36-B0D0-BBA718E57ABF} = {2D5174C7-C390-45A2-9DC5-86B19833CA43}
		{ED1F9E0A-1329-4360-9B20-59186AD15497} = {2D5174C7-C390-45A2-9DC5-86B19833CA43}
		{7A5CFBE7-F224-45A5-96EC-4BCBABC2EC2D} = {8A45F525-2175-4643-9CD7-013FE6D99745}
		{6D4CD843-57F3-4BDF-B7D0-9B7EBC0599D9} = {8A45F525-2175-4643-9CD7-013FE6D99745}
		{E5DF2AD4-C8CA-4BEA-9148-67F6BF8954FF} = {44BA830A-B958-4177-9677-72635547BCEA}
		{919816E7-79F9-4B0F-8811-017BE5F1BE3A} = {C2F49084-D59A-4478-A490-04FA4B2DE569}
	EndGlobalSection
EndGlobal
